
Microsoft Visual Studio Solution File, Format Version 12.00
# Visual Studio 15
VisualStudioVersion = 15.0.27703.2035
MinimumVisualStudioVersion = 10.0.40219.1
Project("{FAE04EC0-301F-11D3-BF4B-00C04F79EFBC}") = "StraighteningAndPaintingWorkshop", "StraighteningAndPaintingWorkshop\StraighteningAndPaintingWorkshop.csproj", "{94A48799-D321-413A-B4B9-026F511FBE78}"
EndProject
Project("{FAE04EC0-301F-11D3-BF4B-00C04F79EFBC}") = "StraighteningAndPaintingWorkshopRest", "StraighteningAndPaintingWorkshopRest\StraighteningAndPaintingWorkshopRest.csproj", "{15711944-56BC-40C0-A4BF-0A518BC6F1E2}"
EndProject
Global
	GlobalSection(SolutionConfigurationPlatforms) = preSolution
		Debug|Any CPU = Debug|Any CPU
		Release|Any CPU = Release|Any CPU
	EndGlobalSection
	GlobalSection(ProjectConfigurationPlatforms) = postSolution
		{94A48799-D321-413A-B4B9-026F511FBE78}.Debug|Any CPU.ActiveCfg = Debug|Any CPU
		{94A48799-D321-413A-B4B9-026F511FBE78}.Debug|Any CPU.Build.0 = Debug|Any CPU
		{94A48799-D321-413A-B4B9-026F511FBE78}.Release|Any CPU.ActiveCfg = Release|Any CPU
		{94A48799-D321-413A-B4B9-026F511FBE78}.Release|Any CPU.Build.0 = Release|Any CPU
		{15711944-56BC-40C0-A4BF-0A518BC6F1E2}.Debug|Any CPU.ActiveCfg = Debug|Any CPU
		{15711944-56BC-40C0-A4BF-0A518BC6F1E2}.Debug|Any CPU.Build.0 = Debug|Any CPU
		{15711944-56BC-40C0-A4BF-0A518BC6F1E2}.Release|Any CPU.ActiveCfg = Release|Any CPU
		{15711944-56BC-40C0-A4BF-0A518BC6F1E2}.Release|Any CPU.Build.0 = Release|Any CPU
	EndGlobalSection
	GlobalSection(SolutionProperties) = preSolution
		HideSolutionNode = FALSE
	EndGlobalSection
	GlobalSection(ExtensibilityGlobals) = postSolution
		SolutionGuid = {AB88CAA0-D3DB-4335-AC92-8DF7985C7FE0}
	EndGlobalSection
EndGlobal
